{
  "name": "gsxpc-webpack-fe",
  "version": "1.0.0",
  "lockfileVersion": 1,
  "requires": true,
  "dependencies": {
    "flatted": {
      "version": "2.0.0",
      "resolved": "http://npm.baijiahulian.com/flatted/-/flatted-2.0.0.tgz",
      "integrity": "sha1-VRIrZTbqSWtLRIk+4mCBQdENmRY="
    }
  }
}
